Microsoft Visual Studio Solution File, Format Version 11.00
# Visual Studio 2010
Project("{FAE04EC0-301F-11D3-BF4B-00C04F79EFBC}") = "Assembly-CSharp", "Assembly-CSharp.csproj", "{6B24B61E-3EC9-454D-9B15-170A505F3CC8}"
EndProject
Project("{FAE04EC0-301F-11D3-BF4B-00C04F79EFBC}") = "Assembly-CSharp-Editor", "Assembly-CSharp-Editor.csproj", "{E4360F41-01A2-92AE-B8EC-38117E99737F}"
EndProject
Project("{FAE04EC0-301F-11D3-BF4B-00C04F79EFBC}") = "Assembly-CSharp-Editor-firstpass", "Assembly-CSharp-Editor-firstpass.csproj", "{F2207682-207F-05F6-6650-46BE274C9293}"
EndProject
Global
	GlobalSection(SolutionConfigurationPlatforms) = preSolution
		Debug|Any CPU = Debug|Any CPU
		Release|Any CPU = Release|Any CPU
	EndGlobalSection
	GlobalSection(ProjectConfigurationPlatforms) = postSolution
		{6B24B61E-3EC9-454D-9B15-170A505F3CC8}.Debug|Any CPU.ActiveCfg = Debug|Any CPU
		{6B24B61E-3EC9-454D-9B15-170A505F3CC8}.Debug|Any CPU.Build.0 = Debug|Any CPU
		{6B24B61E-3EC9-454D-9B15-170A505F3CC8}.Release|Any CPU.ActiveCfg = Release|Any CPU
		{6B24B61E-3EC9-454D-9B15-170A505F3CC8}.Release|Any CPU.Build.0 = Release|Any CPU
		{E4360F41-01A2-92AE-B8EC-38117E99737F}.Debug|Any CPU.ActiveCfg = Debug|Any CPU
		{E4360F41-01A2-92AE-B8EC-38117E99737F}.Debug|Any CPU.Build.0 = Debug|Any CPU
		{E4360F41-01A2-92AE-B8EC-38117E99737F}.Release|Any CPU.ActiveCfg = Release|Any CPU
		{E4360F41-01A2-92AE-B8EC-38117E99737F}.Release|Any CPU.Build.0 = Release|Any CPU
		{F2207682-207F-05F6-6650-46BE274C9293}.Debug|Any CPU.ActiveCfg = Debug|Any CPU
		{F2207682-207F-05F6-6650-46BE274C9293}.Debug|Any CPU.Build.0 = Debug|Any CPU
		{F2207682-207F-05F6-6650-46BE274C9293}.Release|Any CPU.ActiveCfg = Release|Any CPU
		{F2207682-207F-05F6-6650-46BE274C9293}.Release|Any CPU.Build.0 = Release|Any CPU
	EndGlobalSection
	GlobalSection(SolutionProperties) = preSolution
		HideSolutionNode = FALSE
	EndGlobalSection
	GlobalSection(MonoDevelopProperties) = preSolution
		StartupItem = Assembly-CSharp.csproj
	EndGlobalSection
EndGlobal
